
Microsoft Visual Studio Solution File, Format Version 12.00
# Visual Studio Version 16
VisualStudioVersion = 16.0.30517.126
MinimumVisualStudioVersion = 10.0.40219.1
Project("{FAE04EC0-301F-11D3-BF4B-00C04F79EFBC}") = "MyCustomList", "MyCustomList\MyCustomList.csproj", "{7F3E4DAF-D5D5-4F36-81CA-BA2A47B44C97}"
EndProject
Project("{FAE04EC0-301F-11D3-BF4B-00C04F79EFBC}") = "MyCustomListUnitTests", "MyCustomListUnitTests\MyCustomListUnitTests.csproj", "{889B9C41-6174-4913-ADA5-28C5A7C9883B}"
EndProject
Global
	GlobalSection(SolutionConfigurationPlatforms) = preSolution
		Debug|Any CPU = Debug|Any CPU
		Release|Any CPU = Release|Any CPU
	EndGlobalSection
	GlobalSection(ProjectConfigurationPlatforms) = postSolution
		{7F3E4DAF-D5D5-4F36-81CA-BA2A47B44C97}.Debug|Any CPU.ActiveCfg = Debug|Any CPU
		{7F3E4DAF-D5D5-4F36-81CA-BA2A47B44C97}.Debug|Any CPU.Build.0 = Debug|Any CPU
		{7F3E4DAF-D5D5-4F36-81CA-BA2A47B44C97}.Release|Any CPU.ActiveCfg = Release|Any CPU
		{7F3E4DAF-D5D5-4F36-81CA-BA2A47B44C97}.Release|Any CPU.Build.0 = Release|Any CPU
		{889B9C41-6174-4913-ADA5-28C5A7C9883B}.Debug|Any CPU.ActiveCfg = Debug|Any CPU
		{889B9C41-6174-4913-ADA5-28C5A7C9883B}.Debug|Any CPU.Build.0 = Debug|Any CPU
		{889B9C41-6174-4913-ADA5-28C5A7C9883B}.Release|Any CPU.ActiveCfg = Release|Any CPU
		{889B9C41-6174-4913-ADA5-28C5A7C9883B}.Release|Any CPU.Build.0 = Release|Any CPU
	EndGlobalSection
	GlobalSection(SolutionProperties) = preSolution
		HideSolutionNode = FALSE
	EndGlobalSection
	GlobalSection(ExtensibilityGlobals) = postSolution
		SolutionGuid = {474F1962-C84C-4BAF-B7C1-DE34EDE0EB11}
	EndGlobalSection
EndGlobal
